
Microsoft Visual Studio Solution File, Format Version 12.00
# Visual Studio 15
VisualStudioVersion = 15.0.27130.2026
MinimumVisualStudioVersion = 10.0.40219.1
Project("{9A19103F-16F7-4668-BE54-9A1E7A4F7556}") = "crmSeries.Core", "crmSeries.Core\crmSeries.Core.csproj", "{A427BB2D-6932-45BF-90D7-201F94B6D165}"
EndProject
Project("{9A19103F-16F7-4668-BE54-9A1E7A4F7556}") = "crmSeries.API", "crmSeries.Api\crmSeries.API.csproj", "{69C62B19-FB66-4DE2-9A38-8B1278FB8FA1}"
EndProject
Global
	GlobalSection(SolutionConfigurationPlatforms) = preSolution
		Debug|Any CPU = Debug|Any CPU
		Release|Any CPU = Release|Any CPU
	EndGlobalSection
	GlobalSection(ProjectConfigurationPlatforms) = postSolution
		{A427BB2D-6932-45BF-90D7-201F94B6D165}.Debug|Any CPU.ActiveCfg = Debug|Any CPU
		{A427BB2D-6932-45BF-90D7-201F94B6D165}.Debug|Any CPU.Build.0 = Debug|Any CPU
		{A427BB2D-6932-45BF-90D7-201F94B6D165}.Release|Any CPU.ActiveCfg = Release|Any CPU
		{A427BB2D-6932-45BF-90D7-201F94B6D165}.Release|Any CPU.Build.0 = Release|Any CPU
		{69C62B19-FB66-4DE2-9A38-8B1278FB8FA1}.Debug|Any CPU.ActiveCfg = Debug|Any CPU
		{69C62B19-FB66-4DE2-9A38-8B1278FB8FA1}.Debug|Any CPU.Build.0 = Debug|Any CPU
		{69C62B19-FB66-4DE2-9A38-8B1278FB8FA1}.Release|Any CPU.ActiveCfg = Release|Any CPU
		{69C62B19-FB66-4DE2-9A38-8B1278FB8FA1}.Release|Any CPU.Build.0 = Release|Any CPU
	EndGlobalSection
	GlobalSection(SolutionProperties) = preSolution
		HideSolutionNode = FALSE
	EndGlobalSection
	GlobalSection(ExtensibilityGlobals) = postSolution
		SolutionGuid = {2CAA33F8-C8BC-4829-8AA5-6991E0CABB06}
	EndGlobalSection
EndGlobal
